
Microsoft Visual Studio Solution File, Format Version 12.00
# Visual Studio 15
VisualStudioVersion = 15.0.27428.2037
MinimumVisualStudioVersion = 10.0.40219.1
Project("{FAE04EC0-301F-11D3-BF4B-00C04F79EFBC}") = "Project4", "Project4\Project4.csproj", "{862FE5AF-820F-4F2B-8CAD-375269C8688E}"
EndProject
Project("{FAE04EC0-301F-11D3-BF4B-00C04F79EFBC}") = "GameCardsWithNumbers", "GameCardsWithNumbers\GameCardsWithNumbers.csproj", "{50110F01-A16E-401B-AD56-6FE89A50146B}"
EndProject
Project("{FAE04EC0-301F-11D3-BF4B-00C04F79EFBC}") = "Apocalyptica", "Apocaliptica\Apocalyptica.csproj", "{A85D0F81-4C72-4A53-AD43-82742835B980}"
EndProject
Project("{FAE04EC0-301F-11D3-BF4B-00C04F79EFBC}") = "You are in the Army now", "You are in the Army now\You are in the Army now.csproj", "{4B39FB39-61E9-454B-841C-3580F6685E5E}"
EndProject
Project("{FAE04EC0-301F-11D3-BF4B-00C04F79EFBC}") = "ChooseYourPriest", "ChooseYourPriest\ChooseYourPriest.csproj", "{9E8D2D99-1CC1-4606-A955-7E8E8818C2CF}"
EndProject
Project("{FAE04EC0-301F-11D3-BF4B-00C04F79EFBC}") = "DistanceBetweenDots", "DistanceBetweenDots\DistanceBetweenDots.csproj", "{AC02D27F-9415-49FE-A434-D346D6B93F16}"
EndProject
Global
	GlobalSection(SolutionConfigurationPlatforms) = preSolution
		Debug|Any CPU = Debug|Any CPU
		Release|Any CPU = Release|Any CPU
	EndGlobalSection
	GlobalSection(ProjectConfigurationPlatforms) = postSolution
		{862FE5AF-820F-4F2B-8CAD-375269C8688E}.Debug|Any CPU.ActiveCfg = Debug|Any CPU
		{862FE5AF-820F-4F2B-8CAD-375269C8688E}.Debug|Any CPU.Build.0 = Debug|Any CPU
		{862FE5AF-820F-4F2B-8CAD-375269C8688E}.Release|Any CPU.ActiveCfg = Release|Any CPU
		{862FE5AF-820F-4F2B-8CAD-375269C8688E}.Release|Any CPU.Build.0 = Release|Any CPU
		{50110F01-A16E-401B-AD56-6FE89A50146B}.Debug|Any CPU.ActiveCfg = Debug|Any CPU
		{50110F01-A16E-401B-AD56-6FE89A50146B}.Debug|Any CPU.Build.0 = Debug|Any CPU
		{50110F01-A16E-401B-AD56-6FE89A50146B}.Release|Any CPU.ActiveCfg = Release|Any CPU
		{50110F01-A16E-401B-AD56-6FE89A50146B}.Release|Any CPU.Build.0 = Release|Any CPU
		{A85D0F81-4C72-4A53-AD43-82742835B980}.Debug|Any CPU.ActiveCfg = Debug|Any CPU
		{A85D0F81-4C72-4A53-AD43-82742835B980}.Debug|Any CPU.Build.0 = Debug|Any CPU
		{A85D0F81-4C72-4A53-AD43-82742835B980}.Release|Any CPU.ActiveCfg = Release|Any CPU
		{A85D0F81-4C72-4A53-AD43-82742835B980}.Release|Any CPU.Build.0 = Release|Any CPU
		{4B39FB39-61E9-454B-841C-3580F6685E5E}.Debug|Any CPU.ActiveCfg = Debug|Any CPU
		{4B39FB39-61E9-454B-841C-3580F6685E5E}.Debug|Any CPU.Build.0 = Debug|Any CPU
		{4B39FB39-61E9-454B-841C-3580F6685E5E}.Release|Any CPU.ActiveCfg = Release|Any CPU
		{4B39FB39-61E9-454B-841C-3580F6685E5E}.Release|Any CPU.Build.0 = Release|Any CPU
		{9E8D2D99-1CC1-4606-A955-7E8E8818C2CF}.Debug|Any CPU.ActiveCfg = Debug|Any CPU
		{9E8D2D99-1CC1-4606-A955-7E8E8818C2CF}.Debug|Any CPU.Build.0 = Debug|Any CPU
		{9E8D2D99-1CC1-4606-A955-7E8E8818C2CF}.Release|Any CPU.ActiveCfg = Release|Any CPU
		{9E8D2D99-1CC1-4606-A955-7E8E8818C2CF}.Release|Any CPU.Build.0 = Release|Any CPU
		{AC02D27F-9415-49FE-A434-D346D6B93F16}.Debug|Any CPU.ActiveCfg = Debug|Any CPU
		{AC02D27F-9415-49FE-A434-D346D6B93F16}.Debug|Any CPU.Build.0 = Debug|Any CPU
		{AC02D27F-9415-49FE-A434-D346D6B93F16}.Release|Any CPU.ActiveCfg = Release|Any CPU
		{AC02D27F-9415-49FE-A434-D346D6B93F16}.Release|Any CPU.Build.0 = Release|Any CPU
	EndGlobalSection
	GlobalSection(SolutionProperties) = preSolution
		HideSolutionNode = FALSE
	EndGlobalSection
	GlobalSection(ExtensibilityGlobals) = postSolution
		SolutionGuid = {3789C544-1221-4AEC-B648-F8D9CECDCF3F}
	EndGlobalSection
EndGlobal
