
Microsoft Visual Studio Solution File, Format Version 12.00
# Visual Studio 15
VisualStudioVersion = 15.0.27428.2037
MinimumVisualStudioVersion = 10.0.40219.1
Project("{FAE04EC0-301F-11D3-BF4B-00C04F79EFBC}") = "Project4", "Project4\Project4.csproj", "{862FE5AF-820F-4F2B-8CAD-375269C8688E}"
EndProject
Project("{FAE04EC0-301F-11D3-BF4B-00C04F79EFBC}") = "GameCardsWithNumbers", "GameCardsWithNumbers\GameCardsWithNumbers.csproj", "{50110F01-A16E-401B-AD56-6FE89A50146B}"
EndProject
Project("{FAE04EC0-301F-11D3-BF4B-00C04F79EFBC}") = "Apocalyptica", "Apocaliptica\Apocalyptica.csproj", "{A85D0F81-4C72-4A53-AD43-82742835B980}"
EndProject
Project("{FAE04EC0-301F-11D3-BF4B-00C04F79EFBC}") = "You are in the Army now", "You are in the Army now\You are in the Army now.csproj", "{4B39FB39-61E9-454B-841C-3580F6685E5E}"
EndProject
Project("{FAE04EC0-301F-11D3-BF4B-00C04F79EFBC}") = "ChooseYourPriest", "ChooseYourPriest\ChooseYourPriest.csproj", "{9E8D2D99-1CC1-4606-A955-7E8E8818C2CF}"
EndProject
Project("{FAE04EC0-301F-11D3-BF4B-00C04F79EFBC}") = "DistanceBetweenDots", "DistanceBetweenDots\DistanceBetweenDots.csproj", "{AC02D27F-9415-49FE-A434-D346D6B93F16}"
EndProject
Project("{FAE04EC0-301F-11D3-BF4B-00C04F79EFBC}") = "FindRectangles", "FindRectangles\FindRectangles.csproj", "{6BAF2395-3AD6-496E-A8DD-176F98370ED9}"
EndProject
Project("{FAE04EC0-301F-11D3-BF4B-00C04F79EFBC}") = "OperatorCoords", "OperatorCoords\OperatorCoords.csproj", "{80C78B58-038E-4C9C-B04A-19400AF70A70}"
EndProject
Project("{FAE04EC0-301F-11D3-BF4B-00C04F79EFBC}") = "ConcertHall", "ConcertHall\ConcertHall.csproj", "{7C8FB77E-D4B8-4308-BF52-4EE389FBDBF9}"
EndProject
Project("{FAE04EC0-301F-11D3-BF4B-00C04F79EFBC}") = "Thor", "Thor\Thor.csproj", "{481864C9-B0FD-4FC5-BDD8-60F71858DDAF}"
EndProject
Project("{FAE04EC0-301F-11D3-BF4B-00C04F79EFBC}") = "The Descent", "The Descent\The Descent.csproj", "{8D92B30B-9E09-426D-985C-8327F49EC091}"
EndProject
Project("{FAE04EC0-301F-11D3-BF4B-00C04F79EFBC}") = "MarsLanding", "MarsLanding\MarsLanding.csproj", "{ED8BF466-15FC-4A0D-95D1-3B42F8865EDF}"
EndProject
Project("{FAE04EC0-301F-11D3-BF4B-00C04F79EFBC}") = "learnClasses", "learnClasses\learnClasses.csproj", "{FB8F0ED5-8FFC-4FE3-888A-E2CAAFBB2B8A}"
EndProject
Project("{FAE04EC0-301F-11D3-BF4B-00C04F79EFBC}") = "Tekken", "Tekken\Tekken.csproj", "{4CCF6249-4CAC-4671-835D-DC3E3FA645C2}"
EndProject
Project("{FAE04EC0-301F-11D3-BF4B-00C04F79EFBC}") = "Dodger", "Dodger\Dodger.csproj", "{C9884A4D-51D4-4A55-831B-395C339FBBED}"
EndProject
Global
	GlobalSection(SolutionConfigurationPlatforms) = preSolution
		Debug|Any CPU = Debug|Any CPU
		Release|Any CPU = Release|Any CPU
	EndGlobalSection
	GlobalSection(ProjectConfigurationPlatforms) = postSolution
		{862FE5AF-820F-4F2B-8CAD-375269C8688E}.Debug|Any CPU.ActiveCfg = Debug|Any CPU
		{862FE5AF-820F-4F2B-8CAD-375269C8688E}.Debug|Any CPU.Build.0 = Debug|Any CPU
		{862FE5AF-820F-4F2B-8CAD-375269C8688E}.Release|Any CPU.ActiveCfg = Release|Any CPU
		{862FE5AF-820F-4F2B-8CAD-375269C8688E}.Release|Any CPU.Build.0 = Release|Any CPU
		{50110F01-A16E-401B-AD56-6FE89A50146B}.Debug|Any CPU.ActiveCfg = Debug|Any CPU
		{50110F01-A16E-401B-AD56-6FE89A50146B}.Debug|Any CPU.Build.0 = Debug|Any CPU
		{50110F01-A16E-401B-AD56-6FE89A50146B}.Release|Any CPU.ActiveCfg = Release|Any CPU
		{50110F01-A16E-401B-AD56-6FE89A50146B}.Release|Any CPU.Build.0 = Release|Any CPU
		{A85D0F81-4C72-4A53-AD43-82742835B980}.Debug|Any CPU.ActiveCfg = Debug|Any CPU
		{A85D0F81-4C72-4A53-AD43-82742835B980}.Debug|Any CPU.Build.0 = Debug|Any CPU
		{A85D0F81-4C72-4A53-AD43-82742835B980}.Release|Any CPU.ActiveCfg = Release|Any CPU
		{A85D0F81-4C72-4A53-AD43-82742835B980}.Release|Any CPU.Build.0 = Release|Any CPU
		{4B39FB39-61E9-454B-841C-3580F6685E5E}.Debug|Any CPU.ActiveCfg = Debug|Any CPU
		{4B39FB39-61E9-454B-841C-3580F6685E5E}.Debug|Any CPU.Build.0 = Debug|Any CPU
		{4B39FB39-61E9-454B-841C-3580F6685E5E}.Release|Any CPU.ActiveCfg = Release|Any CPU
		{4B39FB39-61E9-454B-841C-3580F6685E5E}.Release|Any CPU.Build.0 = Release|Any CPU
		{9E8D2D99-1CC1-4606-A955-7E8E8818C2CF}.Debug|Any CPU.ActiveCfg = Debug|Any CPU
		{9E8D2D99-1CC1-4606-A955-7E8E8818C2CF}.Debug|Any CPU.Build.0 = Debug|Any CPU
		{9E8D2D99-1CC1-4606-A955-7E8E8818C2CF}.Release|Any CPU.ActiveCfg = Release|Any CPU
		{9E8D2D99-1CC1-4606-A955-7E8E8818C2CF}.Release|Any CPU.Build.0 = Release|Any CPU
		{AC02D27F-9415-49FE-A434-D346D6B93F16}.Debug|Any CPU.ActiveCfg = Debug|Any CPU
		{AC02D27F-9415-49FE-A434-D346D6B93F16}.Debug|Any CPU.Build.0 = Debug|Any CPU
		{AC02D27F-9415-49FE-A434-D346D6B93F16}.Release|Any CPU.ActiveCfg = Release|Any CPU
		{AC02D27F-9415-49FE-A434-D346D6B93F16}.Release|Any CPU.Build.0 = Release|Any CPU
		{6BAF2395-3AD6-496E-A8DD-176F98370ED9}.Debug|Any CPU.ActiveCfg = Debug|Any CPU
		{6BAF2395-3AD6-496E-A8DD-176F98370ED9}.Debug|Any CPU.Build.0 = Debug|Any CPU
		{6BAF2395-3AD6-496E-A8DD-176F98370ED9}.Release|Any CPU.ActiveCfg = Release|Any CPU
		{6BAF2395-3AD6-496E-A8DD-176F98370ED9}.Release|Any CPU.Build.0 = Release|Any CPU
		{80C78B58-038E-4C9C-B04A-19400AF70A70}.Debug|Any CPU.ActiveCfg = Debug|Any CPU
		{80C78B58-038E-4C9C-B04A-19400AF70A70}.Debug|Any CPU.Build.0 = Debug|Any CPU
		{80C78B58-038E-4C9C-B04A-19400AF70A70}.Release|Any CPU.ActiveCfg = Release|Any CPU
		{80C78B58-038E-4C9C-B04A-19400AF70A70}.Release|Any CPU.Build.0 = Release|Any CPU
		{7C8FB77E-D4B8-4308-BF52-4EE389FBDBF9}.Debug|Any CPU.ActiveCfg = Debug|Any CPU
		{7C8FB77E-D4B8-4308-BF52-4EE389FBDBF9}.Debug|Any CPU.Build.0 = Debug|Any CPU
		{7C8FB77E-D4B8-4308-BF52-4EE389FBDBF9}.Release|Any CPU.ActiveCfg = Release|Any CPU
		{7C8FB77E-D4B8-4308-BF52-4EE389FBDBF9}.Release|Any CPU.Build.0 = Release|Any CPU
		{481864C9-B0FD-4FC5-BDD8-60F71858DDAF}.Debug|Any CPU.ActiveCfg = Debug|Any CPU
		{481864C9-B0FD-4FC5-BDD8-60F71858DDAF}.Debug|Any CPU.Build.0 = Debug|Any CPU
		{481864C9-B0FD-4FC5-BDD8-60F71858DDAF}.Release|Any CPU.ActiveCfg = Release|Any CPU
		{481864C9-B0FD-4FC5-BDD8-60F71858DDAF}.Release|Any CPU.Build.0 = Release|Any CPU
		{8D92B30B-9E09-426D-985C-8327F49EC091}.Debug|Any CPU.ActiveCfg = Debug|Any CPU
		{8D92B30B-9E09-426D-985C-8327F49EC091}.Debug|Any CPU.Build.0 = Debug|Any CPU
		{8D92B30B-9E09-426D-985C-8327F49EC091}.Release|Any CPU.ActiveCfg = Release|Any CPU
		{8D92B30B-9E09-426D-985C-8327F49EC091}.Release|Any CPU.Build.0 = Release|Any CPU
		{ED8BF466-15FC-4A0D-95D1-3B42F8865EDF}.Debug|Any CPU.ActiveCfg = Debug|Any CPU
		{ED8BF466-15FC-4A0D-95D1-3B42F8865EDF}.Debug|Any CPU.Build.0 = Debug|Any CPU
		{ED8BF466-15FC-4A0D-95D1-3B42F8865EDF}.Release|Any CPU.ActiveCfg = Release|Any CPU
		{ED8BF466-15FC-4A0D-95D1-3B42F8865EDF}.Release|Any CPU.Build.0 = Release|Any CPU
		{FB8F0ED5-8FFC-4FE3-888A-E2CAAFBB2B8A}.Debug|Any CPU.ActiveCfg = Debug|Any CPU
		{FB8F0ED5-8FFC-4FE3-888A-E2CAAFBB2B8A}.Debug|Any CPU.Build.0 = Debug|Any CPU
		{FB8F0ED5-8FFC-4FE3-888A-E2CAAFBB2B8A}.Release|Any CPU.ActiveCfg = Release|Any CPU
		{FB8F0ED5-8FFC-4FE3-888A-E2CAAFBB2B8A}.Release|Any CPU.Build.0 = Release|Any CPU
		{4CCF6249-4CAC-4671-835D-DC3E3FA645C2}.Debug|Any CPU.ActiveCfg = Debug|Any CPU
		{4CCF6249-4CAC-4671-835D-DC3E3FA645C2}.Debug|Any CPU.Build.0 = Debug|Any CPU
		{4CCF6249-4CAC-4671-835D-DC3E3FA645C2}.Release|Any CPU.ActiveCfg = Release|Any CPU
		{4CCF6249-4CAC-4671-835D-DC3E3FA645C2}.Release|Any CPU.Build.0 = Release|Any CPU
		{C9884A4D-51D4-4A55-831B-395C339FBBED}.Debug|Any CPU.ActiveCfg = Debug|Any CPU
		{C9884A4D-51D4-4A55-831B-395C339FBBED}.Debug|Any CPU.Build.0 = Debug|Any CPU
		{C9884A4D-51D4-4A55-831B-395C339FBBED}.Release|Any CPU.ActiveCfg = Release|Any CPU
		{C9884A4D-51D4-4A55-831B-395C339FBBED}.Release|Any CPU.Build.0 = Release|Any CPU
	EndGlobalSection
	GlobalSection(SolutionProperties) = preSolution
		HideSolutionNode = FALSE
	EndGlobalSection
	GlobalSection(ExtensibilityGlobals) = postSolution
		SolutionGuid = {3789C544-1221-4AEC-B648-F8D9CECDCF3F}
	EndGlobalSection
EndGlobal
